
Microsoft Visual Studio Solution File, Format Version 12.00
# Visual Studio Version 16
VisualStudioVersion = 16.0.31005.135
MinimumVisualStudioVersion = 10.0.40219.1
Project("{2150E333-8FDC-42A3-9474-1A3956D46DE8}") = "SRP", "SRP", "{8C882ED4-2B04-48A5-98B8-43BD7B4B8B30}"
EndProject
Project("{FAE04EC0-301F-11D3-BF4B-00C04F79EFBC}") = "SRP-Violacao", "SRP-Violacao\SRP-Violacao.csproj", "{CEDD3FBC-9550-4B8E-8AD8-E72D0FDA0C77}"
EndProject
Project("{FAE04EC0-301F-11D3-BF4B-00C04F79EFBC}") = "SRP - AplicandoPrincipio", "SRP - AplicandoPrincipio\SRP - AplicandoPrincipio.csproj", "{8D1DF615-B817-4D6A-B157-DD308E4B1176}"
EndProject
Global
	GlobalSection(SolutionConfigurationPlatforms) = preSolution
		Debug|Any CPU = Debug|Any CPU
		Release|Any CPU = Release|Any CPU
	EndGlobalSection
	GlobalSection(ProjectConfigurationPlatforms) = postSolution
		{CEDD3FBC-9550-4B8E-8AD8-E72D0FDA0C77}.Debug|Any CPU.ActiveCfg = Debug|Any CPU
		{CEDD3FBC-9550-4B8E-8AD8-E72D0FDA0C77}.Debug|Any CPU.Build.0 = Debug|Any CPU
		{CEDD3FBC-9550-4B8E-8AD8-E72D0FDA0C77}.Release|Any CPU.ActiveCfg = Release|Any CPU
		{CEDD3FBC-9550-4B8E-8AD8-E72D0FDA0C77}.Release|Any CPU.Build.0 = Release|Any CPU
		{8D1DF615-B817-4D6A-B157-DD308E4B1176}.Debug|Any CPU.ActiveCfg = Debug|Any CPU
		{8D1DF615-B817-4D6A-B157-DD308E4B1176}.Debug|Any CPU.Build.0 = Debug|Any CPU
		{8D1DF615-B817-4D6A-B157-DD308E4B1176}.Release|Any CPU.ActiveCfg = Release|Any CPU
		{8D1DF615-B817-4D6A-B157-DD308E4B1176}.Release|Any CPU.Build.0 = Release|Any CPU
	EndGlobalSection
	GlobalSection(SolutionProperties) = preSolution
		HideSolutionNode = FALSE
	EndGlobalSection
	GlobalSection(NestedProjects) = preSolution
		{CEDD3FBC-9550-4B8E-8AD8-E72D0FDA0C77} = {8C882ED4-2B04-48A5-98B8-43BD7B4B8B30}
		{8D1DF615-B817-4D6A-B157-DD308E4B1176} = {8C882ED4-2B04-48A5-98B8-43BD7B4B8B30}
	EndGlobalSection
	GlobalSection(ExtensibilityGlobals) = postSolution
		SolutionGuid = {400F001E-5502-4992-92D8-BB75861E84FF}
	EndGlobalSection
EndGlobal
