
Microsoft Visual Studio Solution File, Format Version 12.00
# Visual Studio Version 16
VisualStudioVersion = 16.0.31005.135
MinimumVisualStudioVersion = 10.0.40219.1
Project("{FAE04EC0-301F-11D3-BF4B-00C04F79EFBC}") = "Componentes", "Componentes\Componentes.csproj", "{E90A502C-61D9-4B2A-A66C-AD2AF7A92EEC}"
EndProject
Global
	GlobalSection(SolutionConfigurationPlatforms) = preSolution
		Debug|Any CPU = Debug|Any CPU
		Release|Any CPU = Release|Any CPU
	EndGlobalSection
	GlobalSection(ProjectConfigurationPlatforms) = postSolution
		{E90A502C-61D9-4B2A-A66C-AD2AF7A92EEC}.Debug|Any CPU.ActiveCfg = Debug|Any CPU
		{E90A502C-61D9-4B2A-A66C-AD2AF7A92EEC}.Debug|Any CPU.Build.0 = Debug|Any CPU
		{E90A502C-61D9-4B2A-A66C-AD2AF7A92EEC}.Release|Any CPU.ActiveCfg = Release|Any CPU
		{E90A502C-61D9-4B2A-A66C-AD2AF7A92EEC}.Release|Any CPU.Build.0 = Release|Any CPU
	EndGlobalSection
	GlobalSection(SolutionProperties) = preSolution
		HideSolutionNode = FALSE
	EndGlobalSection
	GlobalSection(ExtensibilityGlobals) = postSolution
		SolutionGuid = {2F708CA0-3A16-4357-85BC-CC36DB36D64A}
	EndGlobalSection
EndGlobal
